
Microsoft Visual Studio Solution File, Format Version 12.00
# Visual Studio Version 17
VisualStudioVersion = 17.4.33205.214
MinimumVisualStudioVersion = 10.0.40219.1
Project("{FAE04EC0-301F-11D3-BF4B-00C04F79EFBC}") = "maiorPossicao", "maiorPossicao\maiorPossicao.csproj", "{7A1635EC-3263-43D2-A627-922958A00807}"
EndProject
Global
	GlobalSection(SolutionConfigurationPlatforms) = preSolution
		Debug|Any CPU = Debug|Any CPU
		Release|Any CPU = Release|Any CPU
	EndGlobalSection
	GlobalSection(ProjectConfigurationPlatforms) = postSolution
		{7A1635EC-3263-43D2-A627-922958A00807}.Debug|Any CPU.ActiveCfg = Debug|Any CPU
		{7A1635EC-3263-43D2-A627-922958A00807}.Debug|Any CPU.Build.0 = Debug|Any CPU
		{7A1635EC-3263-43D2-A627-922958A00807}.Release|Any CPU.ActiveCfg = Release|Any CPU
		{7A1635EC-3263-43D2-A627-922958A00807}.Release|Any CPU.Build.0 = Release|Any CPU
	EndGlobalSection
	GlobalSection(SolutionProperties) = preSolution
		HideSolutionNode = FALSE
	EndGlobalSection
	GlobalSection(ExtensibilityGlobals) = postSolution
		SolutionGuid = {4907452F-2D49-4D68-9EDF-7969C542D734}
	EndGlobalSection
EndGlobal
