
Microsoft Visual Studio Solution File, Format Version 12.00
# Visual Studio Version 17
VisualStudioVersion = 17.4.33205.214
MinimumVisualStudioVersion = 10.0.40219.1
Project("{FAE04EC0-301F-11D3-BF4B-00C04F79EFBC}") = "validacaoDeNota", "validacaoDeNota\validacaoDeNota.csproj", "{AE4F2C44-A8AF-4258-8D37-BF1CEA46E808}"
EndProject
Global
	GlobalSection(SolutionConfigurationPlatforms) = preSolution
		Debug|Any CPU = Debug|Any CPU
		Release|Any CPU = Release|Any CPU
	EndGlobalSection
	GlobalSection(ProjectConfigurationPlatforms) = postSolution
		{AE4F2C44-A8AF-4258-8D37-BF1CEA46E808}.Debug|Any CPU.ActiveCfg = Debug|Any CPU
		{AE4F2C44-A8AF-4258-8D37-BF1CEA46E808}.Debug|Any CPU.Build.0 = Debug|Any CPU
		{AE4F2C44-A8AF-4258-8D37-BF1CEA46E808}.Release|Any CPU.ActiveCfg = Release|Any CPU
		{AE4F2C44-A8AF-4258-8D37-BF1CEA46E808}.Release|Any CPU.Build.0 = Release|Any CPU
	EndGlobalSection
	GlobalSection(SolutionProperties) = preSolution
		HideSolutionNode = FALSE
	EndGlobalSection
	GlobalSection(ExtensibilityGlobals) = postSolution
		SolutionGuid = {526DFF45-E167-4B53-83B6-E2EEC42FC90D}
	EndGlobalSection
EndGlobal
