
Microsoft Visual Studio Solution File, Format Version 12.00
# Visual Studio Version 17
VisualStudioVersion = 17.4.33205.214
MinimumVisualStudioVersion = 10.0.40219.1
Project("{FAE04EC0-301F-11D3-BF4B-00C04F79EFBC}") = "notas", "notas\notas.csproj", "{DA5374FB-8231-4E11-A2D8-86A3DD4BD1FE}"
EndProject
Global
	GlobalSection(SolutionConfigurationPlatforms) = preSolution
		Debug|Any CPU = Debug|Any CPU
		Release|Any CPU = Release|Any CPU
	EndGlobalSection
	GlobalSection(ProjectConfigurationPlatforms) = postSolution
		{DA5374FB-8231-4E11-A2D8-86A3DD4BD1FE}.Debug|Any CPU.ActiveCfg = Debug|Any CPU
		{DA5374FB-8231-4E11-A2D8-86A3DD4BD1FE}.Debug|Any CPU.Build.0 = Debug|Any CPU
		{DA5374FB-8231-4E11-A2D8-86A3DD4BD1FE}.Release|Any CPU.ActiveCfg = Release|Any CPU
		{DA5374FB-8231-4E11-A2D8-86A3DD4BD1FE}.Release|Any CPU.Build.0 = Release|Any CPU
	EndGlobalSection
	GlobalSection(SolutionProperties) = preSolution
		HideSolutionNode = FALSE
	EndGlobalSection
	GlobalSection(ExtensibilityGlobals) = postSolution
		SolutionGuid = {F59AC110-B26C-4999-864D-7433A6D32B2B}
	EndGlobalSection
EndGlobal
